
Microsoft Visual Studio Solution File, Format Version 12.00
# Visual Studio Version 16
VisualStudioVersion = 16.0.29020.237
MinimumVisualStudioVersion = 10.0.40219.1
Project("{FAE04EC0-301F-11D3-BF4B-00C04F79EFBC}") = "Step165TryCatchExceptions", "Step165TryCatchExceptions.csproj", "{B4AB400D-3911-4489-B197-92AC1D86D7DD}"
EndProject
Global
	GlobalSection(SolutionConfigurationPlatforms) = preSolution
		Debug|Any CPU = Debug|Any CPU
		Release|Any CPU = Release|Any CPU
	EndGlobalSection
	GlobalSection(ProjectConfigurationPlatforms) = postSolution
		{B4AB400D-3911-4489-B197-92AC1D86D7DD}.Debug|Any CPU.ActiveCfg = Debug|Any CPU
		{B4AB400D-3911-4489-B197-92AC1D86D7DD}.Debug|Any CPU.Build.0 = Debug|Any CPU
		{B4AB400D-3911-4489-B197-92AC1D86D7DD}.Release|Any CPU.ActiveCfg = Release|Any CPU
		{B4AB400D-3911-4489-B197-92AC1D86D7DD}.Release|Any CPU.Build.0 = Release|Any CPU
	EndGlobalSection
	GlobalSection(SolutionProperties) = preSolution
		HideSolutionNode = FALSE
	EndGlobalSection
	GlobalSection(ExtensibilityGlobals) = postSolution
		SolutionGuid = {8D2BB482-5C06-44C2-950F-5C054CD6E372}
	EndGlobalSection
EndGlobal
